
Microsoft Visual Studio Solution File, Format Version 12.00
# Visual Studio 14
VisualStudioVersion = 14.0.25420.1
MinimumVisualStudioVersion = 10.0.40219.1
Project("{8BC9CEB8-8B4A-11D0-8D11-00A0C91BC942}") = "chatter", "chatter.vcxproj", "{1B37C1E5-C991-4AB6-9904-01C1D56E1A6E}"
EndProject
Global
	GlobalSection(SolutionConfigurationPlatforms) = preSolution
		Debug|x64 = Debug|x64
		Debug|x86 = Debug|x86
		DebugStatic|x64 = DebugStatic|x64
		DebugStatic|x86 = DebugStatic|x86
		Release|x64 = Release|x64
		Release|x86 = Release|x86
	EndGlobalSection
	GlobalSection(ProjectConfigurationPlatforms) = postSolution
		{1B37C1E5-C991-4AB6-9904-01C1D56E1A6E}.Debug|x64.ActiveCfg = Debug|x64
		{1B37C1E5-C991-4AB6-9904-01C1D56E1A6E}.Debug|x64.Build.0 = Debug|x64
		{1B37C1E5-C991-4AB6-9904-01C1D56E1A6E}.Debug|x86.ActiveCfg = Debug|Win32
		{1B37C1E5-C991-4AB6-9904-01C1D56E1A6E}.Debug|x86.Build.0 = Debug|Win32
		{1B37C1E5-C991-4AB6-9904-01C1D56E1A6E}.DebugStatic|x64.ActiveCfg = DebugStatic|x64
		{1B37C1E5-C991-4AB6-9904-01C1D56E1A6E}.DebugStatic|x64.Build.0 = DebugStatic|x64
		{1B37C1E5-C991-4AB6-9904-01C1D56E1A6E}.DebugStatic|x86.ActiveCfg = DebugStatic|Win32
		{1B37C1E5-C991-4AB6-9904-01C1D56E1A6E}.DebugStatic|x86.Build.0 = DebugStatic|Win32
		{1B37C1E5-C991-4AB6-9904-01C1D56E1A6E}.Release|x64.ActiveCfg = Release|x64
		{1B37C1E5-C991-4AB6-9904-01C1D56E1A6E}.Release|x64.Build.0 = Release|x64
		{1B37C1E5-C991-4AB6-9904-01C1D56E1A6E}.Release|x86.ActiveCfg = Release|Win32
		{1B37C1E5-C991-4AB6-9904-01C1D56E1A6E}.Release|x86.Build.0 = Release|Win32
	EndGlobalSection
	GlobalSection(SolutionProperties) = preSolution
		HideSolutionNode = FALSE
	EndGlobalSection
EndGlobal
